
Microsoft Visual Studio Solution File, Format Version 12.00
# Visual Studio 15
VisualStudioVersion = 15.0.26430.14
MinimumVisualStudioVersion = 10.0.40219.1
Project("{FAE04EC0-301F-11D3-BF4B-00C04F79EFBC}") = "Famoser.FexCompiler", "Famoser.FexCompiler\Famoser.FexCompiler.csproj", "{61A992BA-A8B6-4185-A126-DF0AE420DCDA}"
EndProject
Project("{2150E333-8FDC-42A3-9474-1A3956D46DE8}") = "Tests", "Tests", "{CACCD582-C222-40A3-AA1F-4E05A3FA8739}"
EndProject
Project("{FAE04EC0-301F-11D3-BF4B-00C04F79EFBC}") = "Famoser.FexCompiler.Test", "Famoser.FexCompiler.Test\Famoser.FexCompiler.Test.csproj", "{7273C124-6B2A-4259-B864-9D43797B19CE}"
EndProject
Global
	GlobalSection(SolutionConfigurationPlatforms) = preSolution
		Debug|Any CPU = Debug|Any CPU
		Release|Any CPU = Release|Any CPU
	EndGlobalSection
	GlobalSection(ProjectConfigurationPlatforms) = postSolution
		{61A992BA-A8B6-4185-A126-DF0AE420DCDA}.Debug|Any CPU.ActiveCfg = Debug|Any CPU
		{61A992BA-A8B6-4185-A126-DF0AE420DCDA}.Debug|Any CPU.Build.0 = Debug|Any CPU
		{61A992BA-A8B6-4185-A126-DF0AE420DCDA}.Release|Any CPU.ActiveCfg = Release|Any CPU
		{61A992BA-A8B6-4185-A126-DF0AE420DCDA}.Release|Any CPU.Build.0 = Release|Any CPU
		{7273C124-6B2A-4259-B864-9D43797B19CE}.Debug|Any CPU.ActiveCfg = Debug|Any CPU
		{7273C124-6B2A-4259-B864-9D43797B19CE}.Debug|Any CPU.Build.0 = Debug|Any CPU
		{7273C124-6B2A-4259-B864-9D43797B19CE}.Release|Any CPU.ActiveCfg = Release|Any CPU
		{7273C124-6B2A-4259-B864-9D43797B19CE}.Release|Any CPU.Build.0 = Release|Any CPU
	EndGlobalSection
	GlobalSection(SolutionProperties) = preSolution
		HideSolutionNode = FALSE
	EndGlobalSection
	GlobalSection(NestedProjects) = preSolution
		{7273C124-6B2A-4259-B864-9D43797B19CE} = {CACCD582-C222-40A3-AA1F-4E05A3FA8739}
	EndGlobalSection
EndGlobal
