
Microsoft Visual Studio Solution File, Format Version 12.00
# Visual Studio 15
VisualStudioVersion = 15.0.26430.6
MinimumVisualStudioVersion = 10.0.40219.1
Project("{FAE04EC0-301F-11D3-BF4B-00C04F79EFBC}") = "FexCompiler", "FexCompiler\FexCompiler.csproj", "{61A992BA-A8B6-4185-A126-DF0AE420DCDA}"
EndProject
Global
	GlobalSection(SolutionConfigurationPlatforms) = preSolution
		Debug|Any CPU = Debug|Any CPU
		Release|Any CPU = Release|Any CPU
	EndGlobalSection
	GlobalSection(ProjectConfigurationPlatforms) = postSolution
		{61A992BA-A8B6-4185-A126-DF0AE420DCDA}.Debug|Any CPU.ActiveCfg = Debug|Any CPU
		{61A992BA-A8B6-4185-A126-DF0AE420DCDA}.Debug|Any CPU.Build.0 = Debug|Any CPU
		{61A992BA-A8B6-4185-A126-DF0AE420DCDA}.Release|Any CPU.ActiveCfg = Release|Any CPU
		{61A992BA-A8B6-4185-A126-DF0AE420DCDA}.Release|Any CPU.Build.0 = Release|Any CPU
	EndGlobalSection
	GlobalSection(SolutionProperties) = preSolution
		HideSolutionNode = FALSE
	EndGlobalSection
EndGlobal
